
Microsoft Visual Studio Solution File, Format Version 12.00
# Visual Studio Version 17
VisualStudioVersion = 17.14.36414.22
MinimumVisualStudioVersion = 10.0.40219.1
Project("{FAE04EC0-301F-11D3-BF4B-00C04F79EFBC}") = "UyeGirisSistemi", "UyeGirisSistemi\UyeGirisSistemi.csproj", "{C38A8303-0380-4E97-9F82-0E5DBF8DF79A}"
EndProject
Project("{FAE04EC0-301F-11D3-BF4B-00C04F79EFBC}") = "DataAccessLayer", "DataAccessLayer\DataAccessLayer.csproj", "{05527116-C54E-49D0-937F-F31A3E857FD0}"
EndProject
Project("{FAE04EC0-301F-11D3-BF4B-00C04F79EFBC}") = "MainMenu", "MainMenu\MainMenu.csproj", "{478F09BF-E8AE-44CE-BB49-A188D68A03B8}"
EndProject
Global
	GlobalSection(SolutionConfigurationPlatforms) = preSolution
		Debug|Any CPU = Debug|Any CPU
		Release|Any CPU = Release|Any CPU
	EndGlobalSection
	GlobalSection(ProjectConfigurationPlatforms) = postSolution
		{C38A8303-0380-4E97-9F82-0E5DBF8DF79A}.Debug|Any CPU.ActiveCfg = Debug|Any CPU
		{C38A8303-0380-4E97-9F82-0E5DBF8DF79A}.Debug|Any CPU.Build.0 = Debug|Any CPU
		{C38A8303-0380-4E97-9F82-0E5DBF8DF79A}.Release|Any CPU.ActiveCfg = Release|Any CPU
		{C38A8303-0380-4E97-9F82-0E5DBF8DF79A}.Release|Any CPU.Build.0 = Release|Any CPU
		{05527116-C54E-49D0-937F-F31A3E857FD0}.Debug|Any CPU.ActiveCfg = Debug|Any CPU
		{05527116-C54E-49D0-937F-F31A3E857FD0}.Debug|Any CPU.Build.0 = Debug|Any CPU
		{05527116-C54E-49D0-937F-F31A3E857FD0}.Release|Any CPU.ActiveCfg = Release|Any CPU
		{05527116-C54E-49D0-937F-F31A3E857FD0}.Release|Any CPU.Build.0 = Release|Any CPU
		{478F09BF-E8AE-44CE-BB49-A188D68A03B8}.Debug|Any CPU.ActiveCfg = Debug|Any CPU
		{478F09BF-E8AE-44CE-BB49-A188D68A03B8}.Debug|Any CPU.Build.0 = Debug|Any CPU
		{478F09BF-E8AE-44CE-BB49-A188D68A03B8}.Release|Any CPU.ActiveCfg = Release|Any CPU
		{478F09BF-E8AE-44CE-BB49-A188D68A03B8}.Release|Any CPU.Build.0 = Release|Any CPU
	EndGlobalSection
	GlobalSection(SolutionProperties) = preSolution
		HideSolutionNode = FALSE
	EndGlobalSection
	GlobalSection(ExtensibilityGlobals) = postSolution
		SolutionGuid = {068B93B4-0D00-4258-B53F-AE37D412CE2F}
	EndGlobalSection
EndGlobal
